
Microsoft Visual Studio Solution File, Format Version 12.00
# Visual Studio Version 17
VisualStudioVersion = 17.10.34928.147
MinimumVisualStudioVersion = 10.0.40219.1
Project("{FAE04EC0-301F-11D3-BF4B-00C04F79EFBC}") = "Demo.iText7.2.6", "Demo.iText7.2.6.csproj", "{04684D80-4A9C-45C3-B41C-120ED53E5294}"
EndProject
Global
	GlobalSection(SolutionConfigurationPlatforms) = preSolution
		Debug|Any CPU = Debug|Any CPU
		Release|Any CPU = Release|Any CPU
	EndGlobalSection
	GlobalSection(ProjectConfigurationPlatforms) = postSolution
		{04684D80-4A9C-45C3-B41C-120ED53E5294}.Debug|Any CPU.ActiveCfg = Debug|Any CPU
		{04684D80-4A9C-45C3-B41C-120ED53E5294}.Debug|Any CPU.Build.0 = Debug|Any CPU
		{04684D80-4A9C-45C3-B41C-120ED53E5294}.Release|Any CPU.ActiveCfg = Release|Any CPU
		{04684D80-4A9C-45C3-B41C-120ED53E5294}.Release|Any CPU.Build.0 = Release|Any CPU
	EndGlobalSection
	GlobalSection(SolutionProperties) = preSolution
		HideSolutionNode = FALSE
	EndGlobalSection
	GlobalSection(ExtensibilityGlobals) = postSolution
		SolutionGuid = {0CF5F6DC-1DD0-40E3-9C7C-E6ED7400255D}
	EndGlobalSection
EndGlobal
